
Microsoft Visual Studio Solution File, Format Version 12.00
# Visual Studio Version 16
VisualStudioVersion = 16.0.32106.194
MinimumVisualStudioVersion = 10.0.40219.1
Project("{FAE04EC0-301F-11D3-BF4B-00C04F79EFBC}") = "consoleOrnek", "consoleOrnek\consoleOrnek.csproj", "{4CFAA804-C7B8-4383-9BE0-FBF770BC5612}"
EndProject
Global
	GlobalSection(SolutionConfigurationPlatforms) = preSolution
		Debug|Any CPU = Debug|Any CPU
		Release|Any CPU = Release|Any CPU
	EndGlobalSection
	GlobalSection(ProjectConfigurationPlatforms) = postSolution
		{4CFAA804-C7B8-4383-9BE0-FBF770BC5612}.Debug|Any CPU.ActiveCfg = Debug|Any CPU
		{4CFAA804-C7B8-4383-9BE0-FBF770BC5612}.Debug|Any CPU.Build.0 = Debug|Any CPU
		{4CFAA804-C7B8-4383-9BE0-FBF770BC5612}.Release|Any CPU.ActiveCfg = Release|Any CPU
		{4CFAA804-C7B8-4383-9BE0-FBF770BC5612}.Release|Any CPU.Build.0 = Release|Any CPU
	EndGlobalSection
	GlobalSection(SolutionProperties) = preSolution
		HideSolutionNode = FALSE
	EndGlobalSection
	GlobalSection(ExtensibilityGlobals) = postSolution
		SolutionGuid = {05E5F910-395D-447D-9B70-A60BFDC8190E}
	EndGlobalSection
EndGlobal
